
Microsoft Visual Studio Solution File, Format Version 12.00
# Visual Studio Version 17
VisualStudioVersion = 17.0.31912.275
MinimumVisualStudioVersion = 10.0.40219.1
Project("{FAE04EC0-301F-11D3-BF4B-00C04F79EFBC}") = "Article.WebApi", "Article.WebApi\Article.WebApi.csproj", "{298C5891-AD92-4059-A222-EA3E84C2BD2C}"
EndProject
Project("{FAE04EC0-301F-11D3-BF4B-00C04F79EFBC}") = "Article.Core", "Article.Core\Article.Core.csproj", "{D2DBF1DF-5D5F-4D0A-9981-281A77CFD651}"
EndProject
Global
	GlobalSection(SolutionConfigurationPlatforms) = preSolution
		Debug|Any CPU = Debug|Any CPU
		Release|Any CPU = Release|Any CPU
	EndGlobalSection
	GlobalSection(ProjectConfigurationPlatforms) = postSolution
		{298C5891-AD92-4059-A222-EA3E84C2BD2C}.Debug|Any CPU.ActiveCfg = Debug|Any CPU
		{298C5891-AD92-4059-A222-EA3E84C2BD2C}.Debug|Any CPU.Build.0 = Debug|Any CPU
		{298C5891-AD92-4059-A222-EA3E84C2BD2C}.Release|Any CPU.ActiveCfg = Release|Any CPU
		{298C5891-AD92-4059-A222-EA3E84C2BD2C}.Release|Any CPU.Build.0 = Release|Any CPU
		{D2DBF1DF-5D5F-4D0A-9981-281A77CFD651}.Debug|Any CPU.ActiveCfg = Debug|Any CPU
		{D2DBF1DF-5D5F-4D0A-9981-281A77CFD651}.Debug|Any CPU.Build.0 = Debug|Any CPU
		{D2DBF1DF-5D5F-4D0A-9981-281A77CFD651}.Release|Any CPU.ActiveCfg = Release|Any CPU
		{D2DBF1DF-5D5F-4D0A-9981-281A77CFD651}.Release|Any CPU.Build.0 = Release|Any CPU
	EndGlobalSection
	GlobalSection(SolutionProperties) = preSolution
		HideSolutionNode = FALSE
	EndGlobalSection
	GlobalSection(ExtensibilityGlobals) = postSolution
		SolutionGuid = {5A7C79A0-5CCF-4FCD-87B7-0A28EBF08EBF}
	EndGlobalSection
EndGlobal
